// !$*UTF8*$!
{
	archiveVersion = 1;
	classes = {
	};
	objectVersion = 50;
	objects = {

/* Begin PBXBuildFile section */
		665FC57A2488766C00A5A93E /* AfterpayTests.swift in Sources */ = {isa = PBXBuildFile; fileRef = 665FC5792488766C00A5A93E /* AfterpayTests.swift */; };
		665FC57C2488766C00A5A93E /* Afterpay.framework in Frameworks */ = {isa = PBXBuildFile; fileRef = 668F16072487653A0040345C /* Afterpay.framework */; };
		667AD3542497121200BF94E5 /* WebViewController.swift in Sources */ = {isa = PBXBuildFile; fileRef = 667AD3532497121100BF94E5 /* WebViewController.swift */; };
		668F160C2487653A0040345C /* Afterpay.h in Headers */ = {isa = PBXBuildFile; fileRef = 668F160A2487653A0040345C /* Afterpay.h */; settings = {ATTRIBUTES = (Public, ); }; };
		66F9767C2499A11A001D38FA /* Afterpay.swift in Sources */ = {isa = PBXBuildFile; fileRef = 66F9767B2499A11A001D38FA /* Afterpay.swift */; };
/* End PBXBuildFile section */

/* Begin PBXContainerItemProxy section */
		665FC57D2488766C00A5A93E /* PBXContainerItemProxy */ = {
			isa = PBXContainerItemProxy;
			containerPortal = 668F15FE2487653A0040345C /* Project object */;
			proxyType = 1;
			remoteGlobalIDString = 668F16062487653A0040345C;
			remoteInfo = Afterpay;
		};
/* End PBXContainerItemProxy section */

/* Begin PBXFileReference section */
		6632E0AE248A0171007F0BD9 /* Package.swift */ = {isa = PBXFileReference; fileEncoding = 4; lastKnownFileType = sourcecode.swift; path = Package.swift; sourceTree = "<group>"; };
		665FC5772488766C00A5A93E /* AfterpayTests.xctest */ = {isa = PBXFileReference; explicitFileType = wrapper.cfbundle; includeInIndex = 0; path = AfterpayTests.xctest; sourceTree = BUILT_PRODUCTS_DIR; };
		665FC5792488766C00A5A93E /* AfterpayTests.swift */ = {isa = PBXFileReference; lastKnownFileType = sourcecode.swift; path = AfterpayTests.swift; sourceTree = "<group>"; };
		665FC57B2488766C00A5A93E /* Info.plist */ = {isa = PBXFileReference; lastKnownFileType = text.plist.xml; path = Info.plist; sourceTree = "<group>"; };
		665FC5832488847900A5A93E /* Afterpay.xctestplan */ = {isa = PBXFileReference; lastKnownFileType = text; path = Afterpay.xctestplan; sourceTree = "<group>"; };
		667AD3532497121100BF94E5 /* WebViewController.swift */ = {isa = PBXFileReference; fileEncoding = 4; lastKnownFileType = sourcecode.swift; path = WebViewController.swift; sourceTree = "<group>"; };
		668F16072487653A0040345C /* Afterpay.framework */ = {isa = PBXFileReference; explicitFileType = wrapper.framework; includeInIndex = 0; path = Afterpay.framework; sourceTree = BUILT_PRODUCTS_DIR; };
		668F160A2487653A0040345C /* Afterpay.h */ = {isa = PBXFileReference; lastKnownFileType = sourcecode.c.h; path = Afterpay.h; sourceTree = "<group>"; };
		668F160B2487653A0040345C /* Info.plist */ = {isa = PBXFileReference; lastKnownFileType = text.plist.xml; path = Info.plist; sourceTree = "<group>"; };
		66B57E4F248F5C7D0020C642 /* AfterpayTests-Release.xcconfig */ = {isa = PBXFileReference; fileEncoding = 4; lastKnownFileType = text.xcconfig; path = "AfterpayTests-Release.xcconfig"; sourceTree = "<group>"; };
		66B57E50248F5C7D0020C642 /* Afterpay-Debug.xcconfig */ = {isa = PBXFileReference; fileEncoding = 4; lastKnownFileType = text.xcconfig; path = "Afterpay-Debug.xcconfig"; sourceTree = "<group>"; };
		66B57E51248F5C7D0020C642 /* AfterpayTests-Debug.xcconfig */ = {isa = PBXFileReference; fileEncoding = 4; lastKnownFileType = text.xcconfig; path = "AfterpayTests-Debug.xcconfig"; sourceTree = "<group>"; };
		66B57E52248F5C7D0020C642 /* Project-Debug.xcconfig */ = {isa = PBXFileReference; fileEncoding = 4; lastKnownFileType = text.xcconfig; path = "Project-Debug.xcconfig"; sourceTree = "<group>"; };
		66B57E53248F5C7D0020C642 /* AfterpayTests-Shared.xcconfig */ = {isa = PBXFileReference; fileEncoding = 4; lastKnownFileType = text.xcconfig; path = "AfterpayTests-Shared.xcconfig"; sourceTree = "<group>"; };
		66B57E54248F5C7D0020C642 /* Afterpay-Shared.xcconfig */ = {isa = PBXFileReference; fileEncoding = 4; lastKnownFileType = text.xcconfig; path = "Afterpay-Shared.xcconfig"; sourceTree = "<group>"; };
		66B57E55248F5C7D0020C642 /* Project-Shared.xcconfig */ = {isa = PBXFileReference; fileEncoding = 4; lastKnownFileType = text.xcconfig; path = "Project-Shared.xcconfig"; sourceTree = "<group>"; };
		66B57E56248F5C7D0020C642 /* Project-Release.xcconfig */ = {isa = PBXFileReference; fileEncoding = 4; lastKnownFileType = text.xcconfig; path = "Project-Release.xcconfig"; sourceTree = "<group>"; };
		66B57E57248F5C7D0020C642 /* Afterpay-Release.xcconfig */ = {isa = PBXFileReference; fileEncoding = 4; lastKnownFileType = text.xcconfig; path = "Afterpay-Release.xcconfig"; sourceTree = "<group>"; };
		66F9767B2499A11A001D38FA /* Afterpay.swift */ = {isa = PBXFileReference; lastKnownFileType = sourcecode.swift; path = Afterpay.swift; sourceTree = "<group>"; };
/* End PBXFileReference section */

/* Begin PBXFrameworksBuildPhase section */
		665FC5742488766C00A5A93E /* Frameworks */ = {
			isa = PBXFrameworksBuildPhase;
			buildActionMask = 2147483647;
			files = (
				665FC57C2488766C00A5A93E /* Afterpay.framework in Frameworks */,
			);
			runOnlyForDeploymentPostprocessing = 0;
		};
		668F16042487653A0040345C /* Frameworks */ = {
			isa = PBXFrameworksBuildPhase;
			buildActionMask = 2147483647;
			files = (
			);
			runOnlyForDeploymentPostprocessing = 0;
		};
/* End PBXFrameworksBuildPhase section */

/* Begin PBXGroup section */
		6632E0AD248A015E007F0BD9 /* Deployment */ = {
			isa = PBXGroup;
			children = (
				6632E0AE248A0171007F0BD9 /* Package.swift */,
			);
			name = Deployment;
			sourceTree = "<group>";
		};
		665FC5782488766C00A5A93E /* AfterpayTests */ = {
			isa = PBXGroup;
			children = (
				665FC5792488766C00A5A93E /* AfterpayTests.swift */,
				665FC57B2488766C00A5A93E /* Info.plist */,
			);
			path = AfterpayTests;
			sourceTree = "<group>";
		};
		665FC5822488843C00A5A93E /* TestPlans */ = {
			isa = PBXGroup;
			children = (
				665FC5832488847900A5A93E /* Afterpay.xctestplan */,
			);
			path = TestPlans;
			sourceTree = "<group>";
		};
		668F15FD2487653A0040345C = {
			isa = PBXGroup;
			children = (
				66B57E4E248F5C650020C642 /* Configurations */,
				6632E0AD248A015E007F0BD9 /* Deployment */,
				668F16092487653A0040345C /* Afterpay */,
				665FC5782488766C00A5A93E /* AfterpayTests */,
				668F16082487653A0040345C /* Products */,
				665FC5822488843C00A5A93E /* TestPlans */,
			);
			indentWidth = 2;
			sourceTree = "<group>";
			tabWidth = 2;
		};
		668F16082487653A0040345C /* Products */ = {
			isa = PBXGroup;
			children = (
				668F16072487653A0040345C /* Afterpay.framework */,
				665FC5772488766C00A5A93E /* AfterpayTests.xctest */,
			);
			name = Products;
			sourceTree = "<group>";
		};
		668F16092487653A0040345C /* Afterpay */ = {
			isa = PBXGroup;
			children = (
				668F160A2487653A0040345C /* Afterpay.h */,
				668F160B2487653A0040345C /* Info.plist */,
				668F16122487793B0040345C /* Sources */,
			);
			name = Afterpay;
			path = Sources;
			sourceTree = "<group>";
		};
		668F16122487793B0040345C /* Sources */ = {
			isa = PBXGroup;
			children = (
				66F9767B2499A11A001D38FA /* Afterpay.swift */,
				667AD3532497121100BF94E5 /* WebViewController.swift */,
			);
			name = Sources;
			path = Afterpay;
			sourceTree = "<group>";
		};
		66B57E4E248F5C650020C642 /* Configurations */ = {
			isa = PBXGroup;
			children = (
				66B57E50248F5C7D0020C642 /* Afterpay-Debug.xcconfig */,
				66B57E57248F5C7D0020C642 /* Afterpay-Release.xcconfig */,
				66B57E54248F5C7D0020C642 /* Afterpay-Shared.xcconfig */,
				66B57E51248F5C7D0020C642 /* AfterpayTests-Debug.xcconfig */,
				66B57E4F248F5C7D0020C642 /* AfterpayTests-Release.xcconfig */,
				66B57E53248F5C7D0020C642 /* AfterpayTests-Shared.xcconfig */,
				66B57E52248F5C7D0020C642 /* Project-Debug.xcconfig */,
				66B57E56248F5C7D0020C642 /* Project-Release.xcconfig */,
				66B57E55248F5C7D0020C642 /* Project-Shared.xcconfig */,
			);
			path = Configurations;
			sourceTree = "<group>";
		};
/* End PBXGroup section */

/* Begin PBXHeadersBuildPhase section */
		668F16022487653A0040345C /* Headers */ = {
			isa = PBXHeadersBuildPhase;
			buildActionMask = 2147483647;
			files = (
				668F160C2487653A0040345C /* Afterpay.h in Headers */,
			);
			runOnlyForDeploymentPostprocessing = 0;
		};
/* End PBXHeadersBuildPhase section */

/* Begin PBXNativeTarget section */
		665FC5762488766C00A5A93E /* AfterpayTests */ = {
			isa = PBXNativeTarget;
			buildConfigurationList = 665FC5812488766C00A5A93E /* Build configuration list for PBXNativeTarget "AfterpayTests" */;
			buildPhases = (
				665FC5732488766C00A5A93E /* Sources */,
				665FC5742488766C00A5A93E /* Frameworks */,
				665FC5752488766C00A5A93E /* Resources */,
			);
			buildRules = (
			);
			dependencies = (
				665FC57E2488766C00A5A93E /* PBXTargetDependency */,
			);
			name = AfterpayTests;
			productName = AfterpayTests;
			productReference = 665FC5772488766C00A5A93E /* AfterpayTests.xctest */;
			productType = "com.apple.product-type.bundle.unit-test";
		};
		668F16062487653A0040345C /* Afterpay */ = {
			isa = PBXNativeTarget;
			buildConfigurationList = 668F160F2487653A0040345C /* Build configuration list for PBXNativeTarget "Afterpay" */;
			buildPhases = (
				6632E0AC248A00D6007F0BD9 /* Swiftlint */,
				66B57E61248F5D300020C642 /* Ensure No Project Build Settings */,
				668F16022487653A0040345C /* Headers */,
				668F16032487653A0040345C /* Sources */,
				668F16042487653A0040345C /* Frameworks */,
				668F16052487653A0040345C /* Resources */,
			);
			buildRules = (
			);
			dependencies = (
			);
			name = Afterpay;
			productName = Afterpay;
			productReference = 668F16072487653A0040345C /* Afterpay.framework */;
			productType = "com.apple.product-type.framework";
		};
/* End PBXNativeTarget section */

/* Begin PBXProject section */
		668F15FE2487653A0040345C /* Project object */ = {
			isa = PBXProject;
			attributes = {
				LastSwiftUpdateCheck = 1150;
				LastUpgradeCheck = 1150;
				ORGANIZATIONNAME = Afterpay;
				TargetAttributes = {
					665FC5762488766C00A5A93E = {
						CreatedOnToolsVersion = 11.5;
					};
					668F16062487653A0040345C = {
						CreatedOnToolsVersion = 11.5;
						LastSwiftMigration = 1150;
					};
				};
			};
			buildConfigurationList = 668F16012487653A0040345C /* Build configuration list for PBXProject "Afterpay" */;
			compatibilityVersion = "Xcode 9.3";
			developmentRegion = en;
			hasScannedForEncodings = 0;
			knownRegions = (
				en,
				Base,
			);
			mainGroup = 668F15FD2487653A0040345C;
			productRefGroup = 668F16082487653A0040345C /* Products */;
			projectDirPath = "";
			projectRoot = "";
			targets = (
				668F16062487653A0040345C /* Afterpay */,
				665FC5762488766C00A5A93E /* AfterpayTests */,
			);
		};
/* End PBXProject section */

/* Begin PBXResourcesBuildPhase section */
		665FC5752488766C00A5A93E /* Resources */ = {
			isa = PBXResourcesBuildPhase;
			buildActionMask = 2147483647;
			files = (
			);
			runOnlyForDeploymentPostprocessing = 0;
		};
		668F16052487653A0040345C /* Resources */ = {
			isa = PBXResourcesBuildPhase;
			buildActionMask = 2147483647;
			files = (
			);
			runOnlyForDeploymentPostprocessing = 0;
		};
/* End PBXResourcesBuildPhase section */

/* Begin PBXShellScriptBuildPhase section */
		6632E0AC248A00D6007F0BD9 /* Swiftlint */ = {
			isa = PBXShellScriptBuildPhase;
			buildActionMask = 2147483647;
			files = (
			);
			inputFileListPaths = (
			);
			inputPaths = (
			);
			name = Swiftlint;
			outputFileListPaths = (
			);
			outputPaths = (
			);
			runOnlyForDeploymentPostprocessing = 0;
			shellPath = /bin/sh;
			shellScript = "$SRCROOT/Scripts/swiftlint-sdk\n";
		};
		66B57E61248F5D300020C642 /* Ensure No Project Build Settings */ = {
			isa = PBXShellScriptBuildPhase;
			buildActionMask = 2147483647;
			files = (
			);
			inputFileListPaths = (
			);
			inputPaths = (
			);
			name = "Ensure No Project Build Settings";
			outputFileListPaths = (
			);
			outputPaths = (
			);
			runOnlyForDeploymentPostprocessing = 0;
			shellPath = /bin/sh;
			shellScript = "\"$SRCROOT\"/Scripts/ensure-no-build-settings \"${PROJECT_FILE_PATH}\"\n";
		};
/* End PBXShellScriptBuildPhase section */

/* Begin PBXSourcesBuildPhase section */
		665FC5732488766C00A5A93E /* Sources */ = {
			isa = PBXSourcesBuildPhase;
			buildActionMask = 2147483647;
			files = (
				665FC57A2488766C00A5A93E /* AfterpayTests.swift in Sources */,
			);
			runOnlyForDeploymentPostprocessing = 0;
		};
		668F16032487653A0040345C /* Sources */ = {
			isa = PBXSourcesBuildPhase;
			buildActionMask = 2147483647;
			files = (
				667AD3542497121200BF94E5 /* WebViewController.swift in Sources */,
				66F9767C2499A11A001D38FA /* Afterpay.swift in Sources */,
			);
			runOnlyForDeploymentPostprocessing = 0;
		};
/* End PBXSourcesBuildPhase section */

/* Begin PBXTargetDependency section */
		665FC57E2488766C00A5A93E /* PBXTargetDependency */ = {
			isa = PBXTargetDependency;
			target = 668F16062487653A0040345C /* Afterpay */;
			targetProxy = 665FC57D2488766C00A5A93E /* PBXContainerItemProxy */;
		};
/* End PBXTargetDependency section */

/* Begin XCBuildConfiguration section */
		665FC57F2488766C00A5A93E /* Debug */ = {
			isa = XCBuildConfiguration;
			baseConfigurationReference = 66B57E51248F5C7D0020C642 /* AfterpayTests-Debug.xcconfig */;
			buildSettings = {
			};
			name = Debug;
		};
		665FC5802488766C00A5A93E /* Release */ = {
			isa = XCBuildConfiguration;
			baseConfigurationReference = 66B57E4F248F5C7D0020C642 /* AfterpayTests-Release.xcconfig */;
			buildSettings = {
			};
			name = Release;
		};
		668F160D2487653A0040345C /* Debug */ = {
			isa = XCBuildConfiguration;
			baseConfigurationReference = 66B57E52248F5C7D0020C642 /* Project-Debug.xcconfig */;
			buildSettings = {
			};
			name = Debug;
		};
		668F160E2487653A0040345C /* Release */ = {
			isa = XCBuildConfiguration;
			baseConfigurationReference = 66B57E56248F5C7D0020C642 /* Project-Release.xcconfig */;
			buildSettings = {
			};
			name = Release;
		};
		668F16102487653A0040345C /* Debug */ = {
			isa = XCBuildConfiguration;
			baseConfigurationReference = 66B57E50248F5C7D0020C642 /* Afterpay-Debug.xcconfig */;
			buildSettings = {
			};
			name = Debug;
		};
		668F16112487653A0040345C /* Release */ = {
			isa = XCBuildConfiguration;
			baseConfigurationReference = 66B57E57248F5C7D0020C642 /* Afterpay-Release.xcconfig */;
			buildSettings = {
			};
			name = Release;
		};
/* End XCBuildConfiguration section */

/* Begin XCConfigurationList section */
		665FC5812488766C00A5A93E /* Build configuration list for PBXNativeTarget "AfterpayTests" */ = {
			isa = XCConfigurationList;
			buildConfigurations = (
				665FC57F2488766C00A5A93E /* Debug */,
				665FC5802488766C00A5A93E /* Release */,
			);
			defaultConfigurationIsVisible = 0;
			defaultConfigurationName = Release;
		};
		668F16012487653A0040345C /* Build configuration list for PBXProject "Afterpay" */ = {
			isa = XCConfigurationList;
			buildConfigurations = (
				668F160D2487653A0040345C /* Debug */,
				668F160E2487653A0040345C /* Release */,
			);
			defaultConfigurationIsVisible = 0;
			defaultConfigurationName = Release;
		};
		668F160F2487653A0040345C /* Build configuration list for PBXNativeTarget "Afterpay" */ = {
			isa = XCConfigurationList;
			buildConfigurations = (
				668F16102487653A0040345C /* Debug */,
				668F16112487653A0040345C /* Release */,
			);
			defaultConfigurationIsVisible = 0;
			defaultConfigurationName = Release;
		};
/* End XCConfigurationList section */
	};
	rootObject = 668F15FE2487653A0040345C /* Project object */;
}
