{
  "pins" : [
    {
      "identity" : "trustkit",
      "kind" : "remoteSourceControl",
      "location" : "https://github.com/datatheorem/TrustKit",
      "state" : {
        "revision" : "3c953558d61fdd9b136d981764e3242bd92b2648",
        "version" : "1.7.0"
      }
    }
  ],
  "version" : 2
}
