{
  "object": {
    "pins": [
      {
        "package": "SwiftSVG",
        "repositoryURL": "https://github.com/mchoe/SwiftSVG",
        "state": {
          "branch": null,
          "revision": "c3a8866a25ace169ee8e5c037670ba14aa59606f",
          "version": "2.3.2"
        }
      },
      {
        "package": "TrustKit",
        "repositoryURL": "https://github.com/datatheorem/TrustKit",
        "state": {
          "branch": null,
          "revision": "714fd3fcdcada5b107d91bf6caaaefb00f792730",
          "version": "1.6.5"
        }
      }
    ]
  },
  "version": 1
}
