// !$*UTF8*$!
{
	archiveVersion = 1;
	classes = {
	};
	objectVersion = 50;
	objects = {

/* Begin PBXBuildFile section */
		6620B5D224934FB3004162BC /* PaymentFlowController.swift in Sources */ = {isa = PBXBuildFile; fileRef = 6620B5D124934FB3004162BC /* PaymentFlowController.swift */; };
		663A228E249B030D0027C296 /* SuccessViewController.swift in Sources */ = {isa = PBXBuildFile; fileRef = 663A228D249B030D0027C296 /* SuccessViewController.swift */; };
		665E6A0924935555009E3BA1 /* DataEntryViewController.swift in Sources */ = {isa = PBXBuildFile; fileRef = 665E6A0824935555009E3BA1 /* DataEntryViewController.swift */; };
		665E6A0B24935624009E3BA1 /* Helpers.swift in Sources */ = {isa = PBXBuildFile; fileRef = 665E6A0A24935624009E3BA1 /* Helpers.swift */; };
		6662628A2496F5EB0094FC26 /* Networking.swift in Sources */ = {isa = PBXBuildFile; fileRef = 666262892496F5EB0094FC26 /* Networking.swift */; };
		668F162224877F950040345C /* AppDelegate.swift in Sources */ = {isa = PBXBuildFile; fileRef = 668F162124877F950040345C /* AppDelegate.swift */; };
		668F162424877F950040345C /* SceneDelegate.swift in Sources */ = {isa = PBXBuildFile; fileRef = 668F162324877F950040345C /* SceneDelegate.swift */; };
		668F162824877F980040345C /* Assets.xcassets in Resources */ = {isa = PBXBuildFile; fileRef = 668F162724877F980040345C /* Assets.xcassets */; };
		668F162B24877F980040345C /* Preview Assets.xcassets in Resources */ = {isa = PBXBuildFile; fileRef = 668F162A24877F980040345C /* Preview Assets.xcassets */; };
		668F162E24877F980040345C /* LaunchScreen.storyboard in Resources */ = {isa = PBXBuildFile; fileRef = 668F162C24877F980040345C /* LaunchScreen.storyboard */; };
		66F9767824999F5C001D38FA /* Afterpay.framework in Frameworks */ = {isa = PBXBuildFile; fileRef = 66F9767724999F5C001D38FA /* Afterpay.framework */; };
		66F9767924999F5C001D38FA /* Afterpay.framework in Embed Frameworks */ = {isa = PBXBuildFile; fileRef = 66F9767724999F5C001D38FA /* Afterpay.framework */; settings = {ATTRIBUTES = (CodeSignOnCopy, RemoveHeadersOnCopy, ); }; };
/* End PBXBuildFile section */

/* Begin PBXCopyFilesBuildPhase section */
		66F9767A24999F5C001D38FA /* Embed Frameworks */ = {
			isa = PBXCopyFilesBuildPhase;
			buildActionMask = 2147483647;
			dstPath = "";
			dstSubfolderSpec = 10;
			files = (
				66F9767924999F5C001D38FA /* Afterpay.framework in Embed Frameworks */,
			);
			name = "Embed Frameworks";
			runOnlyForDeploymentPostprocessing = 0;
		};
/* End PBXCopyFilesBuildPhase section */

/* Begin PBXFileReference section */
		6620B5D124934FB3004162BC /* PaymentFlowController.swift */ = {isa = PBXFileReference; lastKnownFileType = sourcecode.swift; path = PaymentFlowController.swift; sourceTree = "<group>"; };
		663A228D249B030D0027C296 /* SuccessViewController.swift */ = {isa = PBXFileReference; lastKnownFileType = sourcecode.swift; path = SuccessViewController.swift; sourceTree = "<group>"; };
		665E6A0824935555009E3BA1 /* DataEntryViewController.swift */ = {isa = PBXFileReference; lastKnownFileType = sourcecode.swift; path = DataEntryViewController.swift; sourceTree = "<group>"; };
		665E6A0A24935624009E3BA1 /* Helpers.swift */ = {isa = PBXFileReference; lastKnownFileType = sourcecode.swift; path = Helpers.swift; sourceTree = "<group>"; };
		666262892496F5EB0094FC26 /* Networking.swift */ = {isa = PBXFileReference; lastKnownFileType = sourcecode.swift; path = Networking.swift; sourceTree = "<group>"; };
		668F161E24877F950040345C /* Example.app */ = {isa = PBXFileReference; explicitFileType = wrapper.application; includeInIndex = 0; path = Example.app; sourceTree = BUILT_PRODUCTS_DIR; };
		668F162124877F950040345C /* AppDelegate.swift */ = {isa = PBXFileReference; lastKnownFileType = sourcecode.swift; path = AppDelegate.swift; sourceTree = "<group>"; };
		668F162324877F950040345C /* SceneDelegate.swift */ = {isa = PBXFileReference; lastKnownFileType = sourcecode.swift; path = SceneDelegate.swift; sourceTree = "<group>"; };
		668F162724877F980040345C /* Assets.xcassets */ = {isa = PBXFileReference; lastKnownFileType = folder.assetcatalog; path = Assets.xcassets; sourceTree = "<group>"; };
		668F162A24877F980040345C /* Preview Assets.xcassets */ = {isa = PBXFileReference; lastKnownFileType = folder.assetcatalog; path = "Preview Assets.xcassets"; sourceTree = "<group>"; };
		668F162D24877F980040345C /* Base */ = {isa = PBXFileReference; lastKnownFileType = file.storyboard; name = Base; path = Base.lproj/LaunchScreen.storyboard; sourceTree = "<group>"; };
		668F162F24877F980040345C /* Info.plist */ = {isa = PBXFileReference; lastKnownFileType = text.plist.xml; path = Info.plist; sourceTree = "<group>"; };
		66F9767724999F5C001D38FA /* Afterpay.framework */ = {isa = PBXFileReference; explicitFileType = wrapper.framework; path = Afterpay.framework; sourceTree = BUILT_PRODUCTS_DIR; };
/* End PBXFileReference section */

/* Begin PBXFrameworksBuildPhase section */
		668F161B24877F950040345C /* Frameworks */ = {
			isa = PBXFrameworksBuildPhase;
			buildActionMask = 2147483647;
			files = (
				66F9767824999F5C001D38FA /* Afterpay.framework in Frameworks */,
			);
			runOnlyForDeploymentPostprocessing = 0;
		};
/* End PBXFrameworksBuildPhase section */

/* Begin PBXGroup section */
		666262862496F46A0094FC26 /* PaymentFlow */ = {
			isa = PBXGroup;
			children = (
				665E6A0824935555009E3BA1 /* DataEntryViewController.swift */,
				6620B5D124934FB3004162BC /* PaymentFlowController.swift */,
				663A228D249B030D0027C296 /* SuccessViewController.swift */,
			);
			path = PaymentFlow;
			sourceTree = "<group>";
		};
		666262872496F48B0094FC26 /* Resources */ = {
			isa = PBXGroup;
			children = (
				668F162724877F980040345C /* Assets.xcassets */,
				668F162C24877F980040345C /* LaunchScreen.storyboard */,
				668F162F24877F980040345C /* Info.plist */,
			);
			path = Resources;
			sourceTree = "<group>";
		};
		668F161524877F950040345C = {
			isa = PBXGroup;
			children = (
				668F162024877F950040345C /* Example */,
				668F161F24877F950040345C /* Products */,
				668F163A248786740040345C /* Frameworks */,
			);
			indentWidth = 2;
			sourceTree = "<group>";
			tabWidth = 2;
		};
		668F161F24877F950040345C /* Products */ = {
			isa = PBXGroup;
			children = (
				668F161E24877F950040345C /* Example.app */,
			);
			name = Products;
			sourceTree = "<group>";
		};
		668F162024877F950040345C /* Example */ = {
			isa = PBXGroup;
			children = (
				668F162124877F950040345C /* AppDelegate.swift */,
				668F162324877F950040345C /* SceneDelegate.swift */,
				665E6A0A24935624009E3BA1 /* Helpers.swift */,
				666262892496F5EB0094FC26 /* Networking.swift */,
				666262862496F46A0094FC26 /* PaymentFlow */,
				668F162924877F980040345C /* Preview Content */,
				666262872496F48B0094FC26 /* Resources */,
			);
			path = Example;
			sourceTree = "<group>";
		};
		668F162924877F980040345C /* Preview Content */ = {
			isa = PBXGroup;
			children = (
				668F162A24877F980040345C /* Preview Assets.xcassets */,
			);
			path = "Preview Content";
			sourceTree = "<group>";
		};
		668F163A248786740040345C /* Frameworks */ = {
			isa = PBXGroup;
			children = (
				66F9767724999F5C001D38FA /* Afterpay.framework */,
			);
			name = Frameworks;
			sourceTree = "<group>";
		};
/* End PBXGroup section */

/* Begin PBXNativeTarget section */
		668F161D24877F950040345C /* Example */ = {
			isa = PBXNativeTarget;
			buildConfigurationList = 668F163224877F980040345C /* Build configuration list for PBXNativeTarget "Example" */;
			buildPhases = (
				6632E0B0248A0288007F0BD9 /* swiftlint */,
				668F161A24877F950040345C /* Sources */,
				668F161B24877F950040345C /* Frameworks */,
				668F161C24877F950040345C /* Resources */,
				66F9767A24999F5C001D38FA /* Embed Frameworks */,
			);
			buildRules = (
			);
			dependencies = (
			);
			name = Example;
			packageProductDependencies = (
			);
			productName = Example;
			productReference = 668F161E24877F950040345C /* Example.app */;
			productType = "com.apple.product-type.application";
		};
/* End PBXNativeTarget section */

/* Begin PBXProject section */
		668F161624877F950040345C /* Project object */ = {
			isa = PBXProject;
			attributes = {
				LastSwiftUpdateCheck = 1150;
				LastUpgradeCheck = 1150;
				ORGANIZATIONNAME = Afterpay;
				TargetAttributes = {
					668F161D24877F950040345C = {
						CreatedOnToolsVersion = 11.5;
					};
				};
			};
			buildConfigurationList = 668F161924877F950040345C /* Build configuration list for PBXProject "Example" */;
			compatibilityVersion = "Xcode 9.3";
			developmentRegion = en;
			hasScannedForEncodings = 0;
			knownRegions = (
				en,
				Base,
			);
			mainGroup = 668F161524877F950040345C;
			productRefGroup = 668F161F24877F950040345C /* Products */;
			projectDirPath = "";
			projectRoot = "";
			targets = (
				668F161D24877F950040345C /* Example */,
			);
		};
/* End PBXProject section */

/* Begin PBXResourcesBuildPhase section */
		668F161C24877F950040345C /* Resources */ = {
			isa = PBXResourcesBuildPhase;
			buildActionMask = 2147483647;
			files = (
				668F162E24877F980040345C /* LaunchScreen.storyboard in Resources */,
				668F162B24877F980040345C /* Preview Assets.xcassets in Resources */,
				668F162824877F980040345C /* Assets.xcassets in Resources */,
			);
			runOnlyForDeploymentPostprocessing = 0;
		};
/* End PBXResourcesBuildPhase section */

/* Begin PBXShellScriptBuildPhase section */
		6632E0B0248A0288007F0BD9 /* swiftlint */ = {
			isa = PBXShellScriptBuildPhase;
			buildActionMask = 2147483647;
			files = (
			);
			inputFileListPaths = (
			);
			inputPaths = (
				"$(SRCROOT)/Example",
			);
			name = swiftlint;
			outputFileListPaths = (
			);
			outputPaths = (
				"$(DERIVED_FILE_DIR)/output",
			);
			runOnlyForDeploymentPostprocessing = 0;
			shellPath = /bin/sh;
			shellScript = "$SRCROOT/../Scripts/swiftlint-example\n";
		};
/* End PBXShellScriptBuildPhase section */

/* Begin PBXSourcesBuildPhase section */
		668F161A24877F950040345C /* Sources */ = {
			isa = PBXSourcesBuildPhase;
			buildActionMask = 2147483647;
			files = (
				6620B5D224934FB3004162BC /* PaymentFlowController.swift in Sources */,
				663A228E249B030D0027C296 /* SuccessViewController.swift in Sources */,
				668F162224877F950040345C /* AppDelegate.swift in Sources */,
				668F162424877F950040345C /* SceneDelegate.swift in Sources */,
				6662628A2496F5EB0094FC26 /* Networking.swift in Sources */,
				665E6A0B24935624009E3BA1 /* Helpers.swift in Sources */,
				665E6A0924935555009E3BA1 /* DataEntryViewController.swift in Sources */,
			);
			runOnlyForDeploymentPostprocessing = 0;
		};
/* End PBXSourcesBuildPhase section */

/* Begin PBXVariantGroup section */
		668F162C24877F980040345C /* LaunchScreen.storyboard */ = {
			isa = PBXVariantGroup;
			children = (
				668F162D24877F980040345C /* Base */,
			);
			name = LaunchScreen.storyboard;
			sourceTree = "<group>";
		};
/* End PBXVariantGroup section */

/* Begin XCBuildConfiguration section */
		668F163024877F980040345C /* Debug */ = {
			isa = XCBuildConfiguration;
			buildSettings = {
				ALWAYS_SEARCH_USER_PATHS = NO;
				CLANG_ANALYZER_NONNULL = YES;
				CLANG_ANALYZER_NUMBER_OBJECT_CONVERSION = YES_AGGRESSIVE;
				CLANG_CXX_LANGUAGE_STANDARD = "gnu++14";
				CLANG_CXX_LIBRARY = "libc++";
				CLANG_ENABLE_MODULES = YES;
				CLANG_ENABLE_OBJC_ARC = YES;
				CLANG_ENABLE_OBJC_WEAK = YES;
				CLANG_WARN_BLOCK_CAPTURE_AUTORELEASING = YES;
				CLANG_WARN_BOOL_CONVERSION = YES;
				CLANG_WARN_COMMA = YES;
				CLANG_WARN_CONSTANT_CONVERSION = YES;
				CLANG_WARN_DEPRECATED_OBJC_IMPLEMENTATIONS = YES;
				CLANG_WARN_DIRECT_OBJC_ISA_USAGE = YES_ERROR;
				CLANG_WARN_DOCUMENTATION_COMMENTS = YES;
				CLANG_WARN_EMPTY_BODY = YES;
				CLANG_WARN_ENUM_CONVERSION = YES;
				CLANG_WARN_INFINITE_RECURSION = YES;
				CLANG_WARN_INT_CONVERSION = YES;
				CLANG_WARN_NON_LITERAL_NULL_CONVERSION = YES;
				CLANG_WARN_OBJC_IMPLICIT_RETAIN_SELF = YES;
				CLANG_WARN_OBJC_LITERAL_CONVERSION = YES;
				CLANG_WARN_OBJC_ROOT_CLASS = YES_ERROR;
				CLANG_WARN_RANGE_LOOP_ANALYSIS = YES;
				CLANG_WARN_STRICT_PROTOTYPES = YES;
				CLANG_WARN_SUSPICIOUS_MOVE = YES;
				CLANG_WARN_UNGUARDED_AVAILABILITY = YES_AGGRESSIVE;
				CLANG_WARN_UNREACHABLE_CODE = YES;
				CLANG_WARN__DUPLICATE_METHOD_MATCH = YES;
				COPY_PHASE_STRIP = NO;
				DEBUG_INFORMATION_FORMAT = dwarf;
				ENABLE_STRICT_OBJC_MSGSEND = YES;
				ENABLE_TESTABILITY = YES;
				GCC_C_LANGUAGE_STANDARD = gnu11;
				GCC_DYNAMIC_NO_PIC = NO;
				GCC_NO_COMMON_BLOCKS = YES;
				GCC_OPTIMIZATION_LEVEL = 0;
				GCC_PREPROCESSOR_DEFINITIONS = (
					"DEBUG=1",
					"$(inherited)",
				);
				GCC_WARN_64_TO_32_BIT_CONVERSION = YES;
				GCC_WARN_ABOUT_RETURN_TYPE = YES_ERROR;
				GCC_WARN_UNDECLARED_SELECTOR = YES;
				GCC_WARN_UNINITIALIZED_AUTOS = YES_AGGRESSIVE;
				GCC_WARN_UNUSED_FUNCTION = YES;
				GCC_WARN_UNUSED_VARIABLE = YES;
				IPHONEOS_DEPLOYMENT_TARGET = 13.5;
				MTL_ENABLE_DEBUG_INFO = INCLUDE_SOURCE;
				MTL_FAST_MATH = YES;
				ONLY_ACTIVE_ARCH = YES;
				SDKROOT = iphoneos;
				SWIFT_ACTIVE_COMPILATION_CONDITIONS = DEBUG;
				SWIFT_OPTIMIZATION_LEVEL = "-Onone";
			};
			name = Debug;
		};
		668F163124877F980040345C /* Release */ = {
			isa = XCBuildConfiguration;
			buildSettings = {
				ALWAYS_SEARCH_USER_PATHS = NO;
				CLANG_ANALYZER_NONNULL = YES;
				CLANG_ANALYZER_NUMBER_OBJECT_CONVERSION = YES_AGGRESSIVE;
				CLANG_CXX_LANGUAGE_STANDARD = "gnu++14";
				CLANG_CXX_LIBRARY = "libc++";
				CLANG_ENABLE_MODULES = YES;
				CLANG_ENABLE_OBJC_ARC = YES;
				CLANG_ENABLE_OBJC_WEAK = YES;
				CLANG_WARN_BLOCK_CAPTURE_AUTORELEASING = YES;
				CLANG_WARN_BOOL_CONVERSION = YES;
				CLANG_WARN_COMMA = YES;
				CLANG_WARN_CONSTANT_CONVERSION = YES;
				CLANG_WARN_DEPRECATED_OBJC_IMPLEMENTATIONS = YES;
				CLANG_WARN_DIRECT_OBJC_ISA_USAGE = YES_ERROR;
				CLANG_WARN_DOCUMENTATION_COMMENTS = YES;
				CLANG_WARN_EMPTY_BODY = YES;
				CLANG_WARN_ENUM_CONVERSION = YES;
				CLANG_WARN_INFINITE_RECURSION = YES;
				CLANG_WARN_INT_CONVERSION = YES;
				CLANG_WARN_NON_LITERAL_NULL_CONVERSION = YES;
				CLANG_WARN_OBJC_IMPLICIT_RETAIN_SELF = YES;
				CLANG_WARN_OBJC_LITERAL_CONVERSION = YES;
				CLANG_WARN_OBJC_ROOT_CLASS = YES_ERROR;
				CLANG_WARN_RANGE_LOOP_ANALYSIS = YES;
				CLANG_WARN_STRICT_PROTOTYPES = YES;
				CLANG_WARN_SUSPICIOUS_MOVE = YES;
				CLANG_WARN_UNGUARDED_AVAILABILITY = YES_AGGRESSIVE;
				CLANG_WARN_UNREACHABLE_CODE = YES;
				CLANG_WARN__DUPLICATE_METHOD_MATCH = YES;
				COPY_PHASE_STRIP = NO;
				DEBUG_INFORMATION_FORMAT = "dwarf-with-dsym";
				ENABLE_NS_ASSERTIONS = NO;
				ENABLE_STRICT_OBJC_MSGSEND = YES;
				GCC_C_LANGUAGE_STANDARD = gnu11;
				GCC_NO_COMMON_BLOCKS = YES;
				GCC_WARN_64_TO_32_BIT_CONVERSION = YES;
				GCC_WARN_ABOUT_RETURN_TYPE = YES_ERROR;
				GCC_WARN_UNDECLARED_SELECTOR = YES;
				GCC_WARN_UNINITIALIZED_AUTOS = YES_AGGRESSIVE;
				GCC_WARN_UNUSED_FUNCTION = YES;
				GCC_WARN_UNUSED_VARIABLE = YES;
				IPHONEOS_DEPLOYMENT_TARGET = 13.5;
				MTL_ENABLE_DEBUG_INFO = NO;
				MTL_FAST_MATH = YES;
				SDKROOT = iphoneos;
				SWIFT_COMPILATION_MODE = wholemodule;
				SWIFT_OPTIMIZATION_LEVEL = "-O";
				VALIDATE_PRODUCT = YES;
			};
			name = Release;
		};
		668F163324877F980040345C /* Debug */ = {
			isa = XCBuildConfiguration;
			buildSettings = {
				ASSETCATALOG_COMPILER_APPICON_NAME = AppIcon;
				CODE_SIGN_STYLE = Automatic;
				DEVELOPMENT_ASSET_PATHS = "\"Example/Preview Content\"";
				DEVELOPMENT_TEAM = KBY3G4JPGC;
				ENABLE_PREVIEWS = YES;
				INFOPLIST_FILE = Example/Resources/Info.plist;
				LD_RUNPATH_SEARCH_PATHS = (
					"$(inherited)",
					"@executable_path/Frameworks",
				);
				PRODUCT_BUNDLE_IDENTIFIER = com.afterpay.Example;
				PRODUCT_NAME = "$(TARGET_NAME)";
				SWIFT_VERSION = 5.0;
				TARGETED_DEVICE_FAMILY = "1,2";
			};
			name = Debug;
		};
		668F163424877F980040345C /* Release */ = {
			isa = XCBuildConfiguration;
			buildSettings = {
				ASSETCATALOG_COMPILER_APPICON_NAME = AppIcon;
				CODE_SIGN_STYLE = Automatic;
				DEVELOPMENT_ASSET_PATHS = "\"Example/Preview Content\"";
				DEVELOPMENT_TEAM = KBY3G4JPGC;
				ENABLE_PREVIEWS = YES;
				INFOPLIST_FILE = Example/Resources/Info.plist;
				LD_RUNPATH_SEARCH_PATHS = (
					"$(inherited)",
					"@executable_path/Frameworks",
				);
				PRODUCT_BUNDLE_IDENTIFIER = com.afterpay.Example;
				PRODUCT_NAME = "$(TARGET_NAME)";
				SWIFT_VERSION = 5.0;
				TARGETED_DEVICE_FAMILY = "1,2";
			};
			name = Release;
		};
/* End XCBuildConfiguration section */

/* Begin XCConfigurationList section */
		668F161924877F950040345C /* Build configuration list for PBXProject "Example" */ = {
			isa = XCConfigurationList;
			buildConfigurations = (
				668F163024877F980040345C /* Debug */,
				668F163124877F980040345C /* Release */,
			);
			defaultConfigurationIsVisible = 0;
			defaultConfigurationName = Release;
		};
		668F163224877F980040345C /* Build configuration list for PBXNativeTarget "Example" */ = {
			isa = XCConfigurationList;
			buildConfigurations = (
				668F163324877F980040345C /* Debug */,
				668F163424877F980040345C /* Release */,
			);
			defaultConfigurationIsVisible = 0;
			defaultConfigurationName = Release;
		};
/* End XCConfigurationList section */
	};
	rootObject = 668F161624877F950040345C /* Project object */;
}
