// !$*UTF8*$!
{
	archiveVersion = 1;
	classes = {
	};
	objectVersion = 50;
	objects = {

/* Begin PBXBuildFile section */
		152224B124AAF7AE006E7D78 /* Objc.m in Sources */ = {isa = PBXBuildFile; fileRef = 152224B024AAF7AE006E7D78 /* Objc.m */; };
		155AD17124AB2464000013B4 /* PurchaseFlowController.swift in Sources */ = {isa = PBXBuildFile; fileRef = 155AD17024AB2464000013B4 /* PurchaseFlowController.swift */; };
		660072B724A1B55E00E9A2BC /* TextSettingCell.swift in Sources */ = {isa = PBXBuildFile; fileRef = 660072B624A1B55E00E9A2BC /* TextSettingCell.swift */; };
		6620B5D224934FB3004162BC /* AppFlowController.swift in Sources */ = {isa = PBXBuildFile; fileRef = 6620B5D124934FB3004162BC /* AppFlowController.swift */; };
		663A228E249B030D0027C296 /* MessageViewController.swift in Sources */ = {isa = PBXBuildFile; fileRef = 663A228D249B030D0027C296 /* MessageViewController.swift */; };
		664722A724A5D9B00079B1FB /* AlertFactory.swift in Sources */ = {isa = PBXBuildFile; fileRef = 664722A624A5D9B00079B1FB /* AlertFactory.swift */; };
		6650F41C24BC03DC00B16A57 /* Colors.swift in Sources */ = {isa = PBXBuildFile; fileRef = 6650F41B24BC03DC00B16A57 /* Colors.swift */; };
		6650F41E24BC0F1B00B16A57 /* Buttons.swift in Sources */ = {isa = PBXBuildFile; fileRef = 6650F41D24BC0F1B00B16A57 /* Buttons.swift */; };
		665311C124AC22A10088A063 /* ProductsViewController.swift in Sources */ = {isa = PBXBuildFile; fileRef = 665311C024AC22A10088A063 /* ProductsViewController.swift */; };
		665311C324AC23D10088A063 /* ProductCell.swift in Sources */ = {isa = PBXBuildFile; fileRef = 665311C224AC23D10088A063 /* ProductCell.swift */; };
		665E6A0B24935624009E3BA1 /* Extensions.swift in Sources */ = {isa = PBXBuildFile; fileRef = 665E6A0A24935624009E3BA1 /* Extensions.swift */; };
		6662628A2496F5EB0094FC26 /* Networking.swift in Sources */ = {isa = PBXBuildFile; fileRef = 666262892496F5EB0094FC26 /* Networking.swift */; };
		6686CC4924A08E450043EF94 /* Settings.swift in Sources */ = {isa = PBXBuildFile; fileRef = 6686CC4824A08E450043EF94 /* Settings.swift */; };
		668F162224877F950040345C /* AppDelegate.swift in Sources */ = {isa = PBXBuildFile; fileRef = 668F162124877F950040345C /* AppDelegate.swift */; };
		668F162424877F950040345C /* SceneDelegate.swift in Sources */ = {isa = PBXBuildFile; fileRef = 668F162324877F950040345C /* SceneDelegate.swift */; };
		668F162824877F980040345C /* Assets.xcassets in Resources */ = {isa = PBXBuildFile; fileRef = 668F162724877F980040345C /* Assets.xcassets */; };
		668F162B24877F980040345C /* Preview Assets.xcassets in Resources */ = {isa = PBXBuildFile; fileRef = 668F162A24877F980040345C /* Preview Assets.xcassets */; };
		668F162E24877F980040345C /* LaunchScreen.storyboard in Resources */ = {isa = PBXBuildFile; fileRef = 668F162C24877F980040345C /* LaunchScreen.storyboard */; };
		66BD11AE24ADA94800039DA6 /* CartViewController.swift in Sources */ = {isa = PBXBuildFile; fileRef = 66BD11AD24ADA94800039DA6 /* CartViewController.swift */; };
		66BD11B024ADB0F300039DA6 /* CartDisplay.swift in Sources */ = {isa = PBXBuildFile; fileRef = 66BD11AF24ADB0F300039DA6 /* CartDisplay.swift */; };
		66BD11B224ADB62700039DA6 /* CurrencyFormatter.swift in Sources */ = {isa = PBXBuildFile; fileRef = 66BD11B124ADB62700039DA6 /* CurrencyFormatter.swift */; };
		66BD11B424ADB7EB00039DA6 /* TitleSubtitleCell.swift in Sources */ = {isa = PBXBuildFile; fileRef = 66BD11B324ADB7EB00039DA6 /* TitleSubtitleCell.swift */; };
		66D685B524BD7ABF00C7287C /* PurchaseView.swift in Sources */ = {isa = PBXBuildFile; fileRef = 66D685B424BD7ABF00C7287C /* PurchaseView.swift */; };
		66E6FDA424AC344800ED81E8 /* PurchaseLogicController.swift in Sources */ = {isa = PBXBuildFile; fileRef = 66E6FDA324AC344800ED81E8 /* PurchaseLogicController.swift */; };
		66E6FDA624AC377D00ED81E8 /* Product.swift in Sources */ = {isa = PBXBuildFile; fileRef = 66E6FDA524AC377D00ED81E8 /* Product.swift */; };
		66E6FDA824AC3BDD00ED81E8 /* PurchaseState.swift in Sources */ = {isa = PBXBuildFile; fileRef = 66E6FDA724AC3BDD00ED81E8 /* PurchaseState.swift */; };
		66F2D8BA24A0415700F65621 /* WindowHolder.swift in Sources */ = {isa = PBXBuildFile; fileRef = 66F2D8B924A0415700F65621 /* WindowHolder.swift */; };
		66F2D8BC24A06E3300F65621 /* SettingsViewController.swift in Sources */ = {isa = PBXBuildFile; fileRef = 66F2D8BB24A06E3300F65621 /* SettingsViewController.swift */; };
		66F9767824999F5C001D38FA /* Afterpay.framework in Frameworks */ = {isa = PBXBuildFile; fileRef = 66F9767724999F5C001D38FA /* Afterpay.framework */; };
		66F9767924999F5C001D38FA /* Afterpay.framework in Embed Frameworks */ = {isa = PBXBuildFile; fileRef = 66F9767724999F5C001D38FA /* Afterpay.framework */; settings = {ATTRIBUTES = (CodeSignOnCopy, RemoveHeadersOnCopy, ); }; };
		948F664824B6E95900DC0202 /* SegmentedSettingCell.swift in Sources */ = {isa = PBXBuildFile; fileRef = 948F664724B6E95900DC0202 /* SegmentedSettingCell.swift */; };
/* End PBXBuildFile section */

/* Begin PBXCopyFilesBuildPhase section */
		66F9767A24999F5C001D38FA /* Embed Frameworks */ = {
			isa = PBXCopyFilesBuildPhase;
			buildActionMask = 2147483647;
			dstPath = "";
			dstSubfolderSpec = 10;
			files = (
				66F9767924999F5C001D38FA /* Afterpay.framework in Embed Frameworks */,
			);
			name = "Embed Frameworks";
			runOnlyForDeploymentPostprocessing = 0;
		};
/* End PBXCopyFilesBuildPhase section */

/* Begin PBXFileReference section */
		152224AF24AAF7AE006E7D78 /* Objc.h */ = {isa = PBXFileReference; lastKnownFileType = sourcecode.c.h; path = Objc.h; sourceTree = "<group>"; };
		152224B024AAF7AE006E7D78 /* Objc.m */ = {isa = PBXFileReference; lastKnownFileType = sourcecode.c.objc; path = Objc.m; sourceTree = "<group>"; };
		155AD17024AB2464000013B4 /* PurchaseFlowController.swift */ = {isa = PBXFileReference; lastKnownFileType = sourcecode.swift; path = PurchaseFlowController.swift; sourceTree = "<group>"; };
		660072B624A1B55E00E9A2BC /* TextSettingCell.swift */ = {isa = PBXFileReference; lastKnownFileType = sourcecode.swift; path = TextSettingCell.swift; sourceTree = "<group>"; };
		6620B5D124934FB3004162BC /* AppFlowController.swift */ = {isa = PBXFileReference; lastKnownFileType = sourcecode.swift; path = AppFlowController.swift; sourceTree = "<group>"; };
		663A228D249B030D0027C296 /* MessageViewController.swift */ = {isa = PBXFileReference; lastKnownFileType = sourcecode.swift; path = MessageViewController.swift; sourceTree = "<group>"; };
		664722A624A5D9B00079B1FB /* AlertFactory.swift */ = {isa = PBXFileReference; lastKnownFileType = sourcecode.swift; path = AlertFactory.swift; sourceTree = "<group>"; };
		6650F41B24BC03DC00B16A57 /* Colors.swift */ = {isa = PBXFileReference; lastKnownFileType = sourcecode.swift; path = Colors.swift; sourceTree = "<group>"; };
		6650F41D24BC0F1B00B16A57 /* Buttons.swift */ = {isa = PBXFileReference; lastKnownFileType = sourcecode.swift; path = Buttons.swift; sourceTree = "<group>"; };
		665311C024AC22A10088A063 /* ProductsViewController.swift */ = {isa = PBXFileReference; lastKnownFileType = sourcecode.swift; path = ProductsViewController.swift; sourceTree = "<group>"; };
		665311C224AC23D10088A063 /* ProductCell.swift */ = {isa = PBXFileReference; lastKnownFileType = sourcecode.swift; path = ProductCell.swift; sourceTree = "<group>"; };
		6656288424A32B9900BEC506 /* Example-Bridging-Header.h */ = {isa = PBXFileReference; lastKnownFileType = sourcecode.c.h; path = "Example-Bridging-Header.h"; sourceTree = "<group>"; };
		665E6A0A24935624009E3BA1 /* Extensions.swift */ = {isa = PBXFileReference; lastKnownFileType = sourcecode.swift; path = Extensions.swift; sourceTree = "<group>"; };
		666262892496F5EB0094FC26 /* Networking.swift */ = {isa = PBXFileReference; lastKnownFileType = sourcecode.swift; path = Networking.swift; sourceTree = "<group>"; };
		66690EE224BE81F700600C99 /* Example.entitlements */ = {isa = PBXFileReference; lastKnownFileType = text.plist.entitlements; path = Example.entitlements; sourceTree = "<group>"; };
		6686CC4824A08E450043EF94 /* Settings.swift */ = {isa = PBXFileReference; lastKnownFileType = sourcecode.swift; path = Settings.swift; sourceTree = "<group>"; };
		668F161E24877F950040345C /* Example.app */ = {isa = PBXFileReference; explicitFileType = wrapper.application; includeInIndex = 0; path = Example.app; sourceTree = BUILT_PRODUCTS_DIR; };
		668F162124877F950040345C /* AppDelegate.swift */ = {isa = PBXFileReference; lastKnownFileType = sourcecode.swift; path = AppDelegate.swift; sourceTree = "<group>"; };
		668F162324877F950040345C /* SceneDelegate.swift */ = {isa = PBXFileReference; lastKnownFileType = sourcecode.swift; path = SceneDelegate.swift; sourceTree = "<group>"; };
		668F162724877F980040345C /* Assets.xcassets */ = {isa = PBXFileReference; lastKnownFileType = folder.assetcatalog; path = Assets.xcassets; sourceTree = "<group>"; };
		668F162A24877F980040345C /* Preview Assets.xcassets */ = {isa = PBXFileReference; lastKnownFileType = folder.assetcatalog; path = "Preview Assets.xcassets"; sourceTree = "<group>"; };
		668F162D24877F980040345C /* Base */ = {isa = PBXFileReference; lastKnownFileType = file.storyboard; name = Base; path = Base.lproj/LaunchScreen.storyboard; sourceTree = "<group>"; };
		668F162F24877F980040345C /* Info.plist */ = {isa = PBXFileReference; lastKnownFileType = text.plist.xml; path = Info.plist; sourceTree = "<group>"; };
		66BD11AD24ADA94800039DA6 /* CartViewController.swift */ = {isa = PBXFileReference; lastKnownFileType = sourcecode.swift; path = CartViewController.swift; sourceTree = "<group>"; };
		66BD11AF24ADB0F300039DA6 /* CartDisplay.swift */ = {isa = PBXFileReference; lastKnownFileType = sourcecode.swift; path = CartDisplay.swift; sourceTree = "<group>"; };
		66BD11B124ADB62700039DA6 /* CurrencyFormatter.swift */ = {isa = PBXFileReference; lastKnownFileType = sourcecode.swift; path = CurrencyFormatter.swift; sourceTree = "<group>"; };
		66BD11B324ADB7EB00039DA6 /* TitleSubtitleCell.swift */ = {isa = PBXFileReference; lastKnownFileType = sourcecode.swift; path = TitleSubtitleCell.swift; sourceTree = "<group>"; };
		66D685B424BD7ABF00C7287C /* PurchaseView.swift */ = {isa = PBXFileReference; lastKnownFileType = sourcecode.swift; path = PurchaseView.swift; sourceTree = "<group>"; };
		66E6FDA324AC344800ED81E8 /* PurchaseLogicController.swift */ = {isa = PBXFileReference; lastKnownFileType = sourcecode.swift; path = PurchaseLogicController.swift; sourceTree = "<group>"; };
		66E6FDA524AC377D00ED81E8 /* Product.swift */ = {isa = PBXFileReference; lastKnownFileType = sourcecode.swift; path = Product.swift; sourceTree = "<group>"; };
		66E6FDA724AC3BDD00ED81E8 /* PurchaseState.swift */ = {isa = PBXFileReference; lastKnownFileType = sourcecode.swift; path = PurchaseState.swift; sourceTree = "<group>"; };
		66F2D8B924A0415700F65621 /* WindowHolder.swift */ = {isa = PBXFileReference; lastKnownFileType = sourcecode.swift; path = WindowHolder.swift; sourceTree = "<group>"; };
		66F2D8BB24A06E3300F65621 /* SettingsViewController.swift */ = {isa = PBXFileReference; lastKnownFileType = sourcecode.swift; path = SettingsViewController.swift; sourceTree = "<group>"; };
		66F9767724999F5C001D38FA /* Afterpay.framework */ = {isa = PBXFileReference; explicitFileType = wrapper.framework; path = Afterpay.framework; sourceTree = BUILT_PRODUCTS_DIR; };
		948F664724B6E95900DC0202 /* SegmentedSettingCell.swift */ = {isa = PBXFileReference; lastKnownFileType = sourcecode.swift; path = SegmentedSettingCell.swift; sourceTree = "<group>"; };
/* End PBXFileReference section */

/* Begin PBXFrameworksBuildPhase section */
		668F161B24877F950040345C /* Frameworks */ = {
			isa = PBXFrameworksBuildPhase;
			buildActionMask = 2147483647;
			files = (
				66F9767824999F5C001D38FA /* Afterpay.framework in Frameworks */,
			);
			runOnlyForDeploymentPostprocessing = 0;
		};
/* End PBXFrameworksBuildPhase section */

/* Begin PBXGroup section */
		664722A524A5D98D0079B1FB /* Shared */ = {
			isa = PBXGroup;
			children = (
				664722A624A5D9B00079B1FB /* AlertFactory.swift */,
				6650F41D24BC0F1B00B16A57 /* Buttons.swift */,
				6650F41B24BC03DC00B16A57 /* Colors.swift */,
				665E6A0A24935624009E3BA1 /* Extensions.swift */,
				663A228D249B030D0027C296 /* MessageViewController.swift */,
				666262892496F5EB0094FC26 /* Networking.swift */,
				66F2D8B924A0415700F65621 /* WindowHolder.swift */,
			);
			path = Shared;
			sourceTree = "<group>";
		};
		665311BE24AC1B7B0088A063 /* Purchase */ = {
			isa = PBXGroup;
			children = (
				66BD11AF24ADB0F300039DA6 /* CartDisplay.swift */,
				66BD11AD24ADA94800039DA6 /* CartViewController.swift */,
				66BD11B124ADB62700039DA6 /* CurrencyFormatter.swift */,
				66E6FDA524AC377D00ED81E8 /* Product.swift */,
				665311C224AC23D10088A063 /* ProductCell.swift */,
				665311C024AC22A10088A063 /* ProductsViewController.swift */,
				155AD17024AB2464000013B4 /* PurchaseFlowController.swift */,
				66E6FDA324AC344800ED81E8 /* PurchaseLogicController.swift */,
				66E6FDA724AC3BDD00ED81E8 /* PurchaseState.swift */,
				66BD11B324ADB7EB00039DA6 /* TitleSubtitleCell.swift */,
			);
			path = Purchase;
			sourceTree = "<group>";
		};
		665311BF24AC1E090088A063 /* Settings */ = {
			isa = PBXGroup;
			children = (
				948F664724B6E95900DC0202 /* SegmentedSettingCell.swift */,
				6686CC4824A08E450043EF94 /* Settings.swift */,
				66F2D8BB24A06E3300F65621 /* SettingsViewController.swift */,
				660072B624A1B55E00E9A2BC /* TextSettingCell.swift */,
			);
			path = Settings;
			sourceTree = "<group>";
		};
		6656288324A32B2300BEC506 /* Objc */ = {
			isa = PBXGroup;
			children = (
				152224AF24AAF7AE006E7D78 /* Objc.h */,
				152224B024AAF7AE006E7D78 /* Objc.m */,
			);
			path = Objc;
			sourceTree = "<group>";
		};
		666262872496F48B0094FC26 /* Resources */ = {
			isa = PBXGroup;
			children = (
				668F162724877F980040345C /* Assets.xcassets */,
				668F162C24877F980040345C /* LaunchScreen.storyboard */,
				668F162F24877F980040345C /* Info.plist */,
			);
			path = Resources;
			sourceTree = "<group>";
		};
		668F161524877F950040345C = {
			isa = PBXGroup;
			children = (
				668F162024877F950040345C /* Example */,
				668F161F24877F950040345C /* Products */,
				668F163A248786740040345C /* Frameworks */,
			);
			indentWidth = 2;
			sourceTree = "<group>";
			tabWidth = 2;
		};
		668F161F24877F950040345C /* Products */ = {
			isa = PBXGroup;
			children = (
				668F161E24877F950040345C /* Example.app */,
			);
			name = Products;
			sourceTree = "<group>";
		};
		668F162024877F950040345C /* Example */ = {
			isa = PBXGroup;
			children = (
				66690EE224BE81F700600C99 /* Example.entitlements */,
				668F162124877F950040345C /* AppDelegate.swift */,
				6620B5D124934FB3004162BC /* AppFlowController.swift */,
				6656288424A32B9900BEC506 /* Example-Bridging-Header.h */,
				668F162324877F950040345C /* SceneDelegate.swift */,
				668F162924877F980040345C /* Preview Content */,
				665311BE24AC1B7B0088A063 /* Purchase */,
				666262872496F48B0094FC26 /* Resources */,
				665311BF24AC1E090088A063 /* Settings */,
				664722A524A5D98D0079B1FB /* Shared */,
				66D685B324BD76F900C7287C /* SwiftUI */,
				6656288324A32B2300BEC506 /* Objc */,
			);
			path = Example;
			sourceTree = "<group>";
		};
		668F162924877F980040345C /* Preview Content */ = {
			isa = PBXGroup;
			children = (
				668F162A24877F980040345C /* Preview Assets.xcassets */,
			);
			path = "Preview Content";
			sourceTree = "<group>";
		};
		668F163A248786740040345C /* Frameworks */ = {
			isa = PBXGroup;
			children = (
				66F9767724999F5C001D38FA /* Afterpay.framework */,
			);
			name = Frameworks;
			sourceTree = "<group>";
		};
		66D685B324BD76F900C7287C /* SwiftUI */ = {
			isa = PBXGroup;
			children = (
				66D685B424BD7ABF00C7287C /* PurchaseView.swift */,
			);
			path = SwiftUI;
			sourceTree = "<group>";
		};
/* End PBXGroup section */

/* Begin PBXNativeTarget section */
		668F161D24877F950040345C /* Example */ = {
			isa = PBXNativeTarget;
			buildConfigurationList = 668F163224877F980040345C /* Build configuration list for PBXNativeTarget "Example" */;
			buildPhases = (
				6632E0B0248A0288007F0BD9 /* swiftlint */,
				668F161A24877F950040345C /* Sources */,
				668F161B24877F950040345C /* Frameworks */,
				668F161C24877F950040345C /* Resources */,
				66F9767A24999F5C001D38FA /* Embed Frameworks */,
			);
			buildRules = (
			);
			dependencies = (
			);
			name = Example;
			packageProductDependencies = (
			);
			productName = Example;
			productReference = 668F161E24877F950040345C /* Example.app */;
			productType = "com.apple.product-type.application";
		};
/* End PBXNativeTarget section */

/* Begin PBXProject section */
		668F161624877F950040345C /* Project object */ = {
			isa = PBXProject;
			attributes = {
				LastSwiftUpdateCheck = 1150;
				LastUpgradeCheck = 1150;
				ORGANIZATIONNAME = Afterpay;
				TargetAttributes = {
					668F161D24877F950040345C = {
						CreatedOnToolsVersion = 11.5;
						LastSwiftMigration = 1150;
					};
				};
			};
			buildConfigurationList = 668F161924877F950040345C /* Build configuration list for PBXProject "Example" */;
			compatibilityVersion = "Xcode 9.3";
			developmentRegion = en;
			hasScannedForEncodings = 0;
			knownRegions = (
				en,
				Base,
			);
			mainGroup = 668F161524877F950040345C;
			productRefGroup = 668F161F24877F950040345C /* Products */;
			projectDirPath = "";
			projectRoot = "";
			targets = (
				668F161D24877F950040345C /* Example */,
			);
		};
/* End PBXProject section */

/* Begin PBXResourcesBuildPhase section */
		668F161C24877F950040345C /* Resources */ = {
			isa = PBXResourcesBuildPhase;
			buildActionMask = 2147483647;
			files = (
				668F162E24877F980040345C /* LaunchScreen.storyboard in Resources */,
				668F162B24877F980040345C /* Preview Assets.xcassets in Resources */,
				668F162824877F980040345C /* Assets.xcassets in Resources */,
			);
			runOnlyForDeploymentPostprocessing = 0;
		};
/* End PBXResourcesBuildPhase section */

/* Begin PBXShellScriptBuildPhase section */
		6632E0B0248A0288007F0BD9 /* swiftlint */ = {
			isa = PBXShellScriptBuildPhase;
			buildActionMask = 2147483647;
			files = (
			);
			inputFileListPaths = (
			);
			inputPaths = (
			);
			name = swiftlint;
			outputFileListPaths = (
			);
			outputPaths = (
			);
			runOnlyForDeploymentPostprocessing = 0;
			shellPath = /bin/sh;
			shellScript = "$SRCROOT/../Scripts/swiftlint-example\n";
		};
/* End PBXShellScriptBuildPhase section */

/* Begin PBXSourcesBuildPhase section */
		668F161A24877F950040345C /* Sources */ = {
			isa = PBXSourcesBuildPhase;
			buildActionMask = 2147483647;
			files = (
				152224B124AAF7AE006E7D78 /* Objc.m in Sources */,
				6650F41C24BC03DC00B16A57 /* Colors.swift in Sources */,
				6620B5D224934FB3004162BC /* AppFlowController.swift in Sources */,
				664722A724A5D9B00079B1FB /* AlertFactory.swift in Sources */,
				665311C124AC22A10088A063 /* ProductsViewController.swift in Sources */,
				663A228E249B030D0027C296 /* MessageViewController.swift in Sources */,
				668F162224877F950040345C /* AppDelegate.swift in Sources */,
				66E6FDA824AC3BDD00ED81E8 /* PurchaseState.swift in Sources */,
				66E6FDA424AC344800ED81E8 /* PurchaseLogicController.swift in Sources */,
				66D685B524BD7ABF00C7287C /* PurchaseView.swift in Sources */,
				66F2D8BA24A0415700F65621 /* WindowHolder.swift in Sources */,
				66BD11AE24ADA94800039DA6 /* CartViewController.swift in Sources */,
				948F664824B6E95900DC0202 /* SegmentedSettingCell.swift in Sources */,
				660072B724A1B55E00E9A2BC /* TextSettingCell.swift in Sources */,
				668F162424877F950040345C /* SceneDelegate.swift in Sources */,
				155AD17124AB2464000013B4 /* PurchaseFlowController.swift in Sources */,
				6662628A2496F5EB0094FC26 /* Networking.swift in Sources */,
				665E6A0B24935624009E3BA1 /* Extensions.swift in Sources */,
				66BD11B424ADB7EB00039DA6 /* TitleSubtitleCell.swift in Sources */,
				665311C324AC23D10088A063 /* ProductCell.swift in Sources */,
				66BD11B024ADB0F300039DA6 /* CartDisplay.swift in Sources */,
				6650F41E24BC0F1B00B16A57 /* Buttons.swift in Sources */,
				66E6FDA624AC377D00ED81E8 /* Product.swift in Sources */,
				6686CC4924A08E450043EF94 /* Settings.swift in Sources */,
				66BD11B224ADB62700039DA6 /* CurrencyFormatter.swift in Sources */,
				66F2D8BC24A06E3300F65621 /* SettingsViewController.swift in Sources */,
			);
			runOnlyForDeploymentPostprocessing = 0;
		};
/* End PBXSourcesBuildPhase section */

/* Begin PBXVariantGroup section */
		668F162C24877F980040345C /* LaunchScreen.storyboard */ = {
			isa = PBXVariantGroup;
			children = (
				668F162D24877F980040345C /* Base */,
			);
			name = LaunchScreen.storyboard;
			sourceTree = "<group>";
		};
/* End PBXVariantGroup section */

/* Begin XCBuildConfiguration section */
		668F163024877F980040345C /* Debug */ = {
			isa = XCBuildConfiguration;
			buildSettings = {
				ALWAYS_SEARCH_USER_PATHS = NO;
				CLANG_ANALYZER_NONNULL = YES;
				CLANG_ANALYZER_NUMBER_OBJECT_CONVERSION = YES_AGGRESSIVE;
				CLANG_CXX_LANGUAGE_STANDARD = "gnu++14";
				CLANG_CXX_LIBRARY = "libc++";
				CLANG_ENABLE_MODULES = YES;
				CLANG_ENABLE_OBJC_ARC = YES;
				CLANG_ENABLE_OBJC_WEAK = YES;
				CLANG_WARN_BLOCK_CAPTURE_AUTORELEASING = YES;
				CLANG_WARN_BOOL_CONVERSION = YES;
				CLANG_WARN_COMMA = YES;
				CLANG_WARN_CONSTANT_CONVERSION = YES;
				CLANG_WARN_DEPRECATED_OBJC_IMPLEMENTATIONS = YES;
				CLANG_WARN_DIRECT_OBJC_ISA_USAGE = YES_ERROR;
				CLANG_WARN_DOCUMENTATION_COMMENTS = YES;
				CLANG_WARN_EMPTY_BODY = YES;
				CLANG_WARN_ENUM_CONVERSION = YES;
				CLANG_WARN_INFINITE_RECURSION = YES;
				CLANG_WARN_INT_CONVERSION = YES;
				CLANG_WARN_NON_LITERAL_NULL_CONVERSION = YES;
				CLANG_WARN_OBJC_IMPLICIT_RETAIN_SELF = YES;
				CLANG_WARN_OBJC_LITERAL_CONVERSION = YES;
				CLANG_WARN_OBJC_ROOT_CLASS = YES_ERROR;
				CLANG_WARN_RANGE_LOOP_ANALYSIS = YES;
				CLANG_WARN_STRICT_PROTOTYPES = YES;
				CLANG_WARN_SUSPICIOUS_MOVE = YES;
				CLANG_WARN_UNGUARDED_AVAILABILITY = YES_AGGRESSIVE;
				CLANG_WARN_UNREACHABLE_CODE = YES;
				CLANG_WARN__DUPLICATE_METHOD_MATCH = YES;
				COPY_PHASE_STRIP = NO;
				DEBUG_INFORMATION_FORMAT = dwarf;
				ENABLE_STRICT_OBJC_MSGSEND = YES;
				ENABLE_TESTABILITY = YES;
				GCC_C_LANGUAGE_STANDARD = gnu11;
				GCC_DYNAMIC_NO_PIC = NO;
				GCC_NO_COMMON_BLOCKS = YES;
				GCC_OPTIMIZATION_LEVEL = 0;
				GCC_PREPROCESSOR_DEFINITIONS = (
					"DEBUG=1",
					"$(inherited)",
				);
				GCC_WARN_64_TO_32_BIT_CONVERSION = YES;
				GCC_WARN_ABOUT_RETURN_TYPE = YES_ERROR;
				GCC_WARN_UNDECLARED_SELECTOR = YES;
				GCC_WARN_UNINITIALIZED_AUTOS = YES_AGGRESSIVE;
				GCC_WARN_UNUSED_FUNCTION = YES;
				GCC_WARN_UNUSED_VARIABLE = YES;
				IPHONEOS_DEPLOYMENT_TARGET = 13.5;
				MTL_ENABLE_DEBUG_INFO = INCLUDE_SOURCE;
				MTL_FAST_MATH = YES;
				ONLY_ACTIVE_ARCH = YES;
				SDKROOT = iphoneos;
				SWIFT_ACTIVE_COMPILATION_CONDITIONS = DEBUG;
				SWIFT_OPTIMIZATION_LEVEL = "-Onone";
			};
			name = Debug;
		};
		668F163124877F980040345C /* Release */ = {
			isa = XCBuildConfiguration;
			buildSettings = {
				ALWAYS_SEARCH_USER_PATHS = NO;
				CLANG_ANALYZER_NONNULL = YES;
				CLANG_ANALYZER_NUMBER_OBJECT_CONVERSION = YES_AGGRESSIVE;
				CLANG_CXX_LANGUAGE_STANDARD = "gnu++14";
				CLANG_CXX_LIBRARY = "libc++";
				CLANG_ENABLE_MODULES = YES;
				CLANG_ENABLE_OBJC_ARC = YES;
				CLANG_ENABLE_OBJC_WEAK = YES;
				CLANG_WARN_BLOCK_CAPTURE_AUTORELEASING = YES;
				CLANG_WARN_BOOL_CONVERSION = YES;
				CLANG_WARN_COMMA = YES;
				CLANG_WARN_CONSTANT_CONVERSION = YES;
				CLANG_WARN_DEPRECATED_OBJC_IMPLEMENTATIONS = YES;
				CLANG_WARN_DIRECT_OBJC_ISA_USAGE = YES_ERROR;
				CLANG_WARN_DOCUMENTATION_COMMENTS = YES;
				CLANG_WARN_EMPTY_BODY = YES;
				CLANG_WARN_ENUM_CONVERSION = YES;
				CLANG_WARN_INFINITE_RECURSION = YES;
				CLANG_WARN_INT_CONVERSION = YES;
				CLANG_WARN_NON_LITERAL_NULL_CONVERSION = YES;
				CLANG_WARN_OBJC_IMPLICIT_RETAIN_SELF = YES;
				CLANG_WARN_OBJC_LITERAL_CONVERSION = YES;
				CLANG_WARN_OBJC_ROOT_CLASS = YES_ERROR;
				CLANG_WARN_RANGE_LOOP_ANALYSIS = YES;
				CLANG_WARN_STRICT_PROTOTYPES = YES;
				CLANG_WARN_SUSPICIOUS_MOVE = YES;
				CLANG_WARN_UNGUARDED_AVAILABILITY = YES_AGGRESSIVE;
				CLANG_WARN_UNREACHABLE_CODE = YES;
				CLANG_WARN__DUPLICATE_METHOD_MATCH = YES;
				COPY_PHASE_STRIP = NO;
				DEBUG_INFORMATION_FORMAT = "dwarf-with-dsym";
				ENABLE_NS_ASSERTIONS = NO;
				ENABLE_STRICT_OBJC_MSGSEND = YES;
				GCC_C_LANGUAGE_STANDARD = gnu11;
				GCC_NO_COMMON_BLOCKS = YES;
				GCC_WARN_64_TO_32_BIT_CONVERSION = YES;
				GCC_WARN_ABOUT_RETURN_TYPE = YES_ERROR;
				GCC_WARN_UNDECLARED_SELECTOR = YES;
				GCC_WARN_UNINITIALIZED_AUTOS = YES_AGGRESSIVE;
				GCC_WARN_UNUSED_FUNCTION = YES;
				GCC_WARN_UNUSED_VARIABLE = YES;
				IPHONEOS_DEPLOYMENT_TARGET = 13.5;
				MTL_ENABLE_DEBUG_INFO = NO;
				MTL_FAST_MATH = YES;
				SDKROOT = iphoneos;
				SWIFT_COMPILATION_MODE = wholemodule;
				SWIFT_OPTIMIZATION_LEVEL = "-O";
				VALIDATE_PRODUCT = YES;
			};
			name = Release;
		};
		668F163324877F980040345C /* Debug */ = {
			isa = XCBuildConfiguration;
			buildSettings = {
				ASSETCATALOG_COMPILER_APPICON_NAME = AppIcon;
				CLANG_ENABLE_MODULES = YES;
				CODE_SIGN_ENTITLEMENTS = Example/Example.entitlements;
				CODE_SIGN_IDENTITY = "Apple Development";
				CODE_SIGN_STYLE = Automatic;
				DEVELOPMENT_ASSET_PATHS = "\"Example/Preview Content\"";
				DEVELOPMENT_TEAM = KBY3G4JPGC;
				ENABLE_PREVIEWS = YES;
				INFOPLIST_FILE = Example/Resources/Info.plist;
				IPHONEOS_DEPLOYMENT_TARGET = 12.0;
				LD_RUNPATH_SEARCH_PATHS = (
					"$(inherited)",
					"@executable_path/Frameworks",
				);
				OTHER_CFLAGS = "-fstack-protector-all";
				PRODUCT_BUNDLE_IDENTIFIER = com.afterpay.Example;
				PRODUCT_NAME = "$(TARGET_NAME)";
				PROVISIONING_PROFILE_SPECIFIER = "";
				SWIFT_OBJC_BRIDGING_HEADER = "Example/Example-Bridging-Header.h";
				SWIFT_OPTIMIZATION_LEVEL = "-Onone";
				SWIFT_VERSION = 5.0;
				TARGETED_DEVICE_FAMILY = "1,2";
			};
			name = Debug;
		};
		668F163424877F980040345C /* Release */ = {
			isa = XCBuildConfiguration;
			buildSettings = {
				ASSETCATALOG_COMPILER_APPICON_NAME = AppIcon;
				CLANG_ENABLE_MODULES = YES;
				CODE_SIGN_ENTITLEMENTS = Example/Example.entitlements;
				CODE_SIGN_IDENTITY = "Apple Development";
				CODE_SIGN_STYLE = Automatic;
				DEVELOPMENT_ASSET_PATHS = "\"Example/Preview Content\"";
				DEVELOPMENT_TEAM = KBY3G4JPGC;
				ENABLE_PREVIEWS = YES;
				INFOPLIST_FILE = Example/Resources/Info.plist;
				IPHONEOS_DEPLOYMENT_TARGET = 12.0;
				LD_RUNPATH_SEARCH_PATHS = (
					"$(inherited)",
					"@executable_path/Frameworks",
				);
				OTHER_CFLAGS = "-fstack-protector-all";
				PRODUCT_BUNDLE_IDENTIFIER = com.afterpay.Example;
				PRODUCT_NAME = "$(TARGET_NAME)";
				PROVISIONING_PROFILE_SPECIFIER = "";
				SWIFT_OBJC_BRIDGING_HEADER = "Example/Example-Bridging-Header.h";
				SWIFT_VERSION = 5.0;
				TARGETED_DEVICE_FAMILY = "1,2";
			};
			name = Release;
		};
/* End XCBuildConfiguration section */

/* Begin XCConfigurationList section */
		668F161924877F950040345C /* Build configuration list for PBXProject "Example" */ = {
			isa = XCConfigurationList;
			buildConfigurations = (
				668F163024877F980040345C /* Debug */,
				668F163124877F980040345C /* Release */,
			);
			defaultConfigurationIsVisible = 0;
			defaultConfigurationName = Release;
		};
		668F163224877F980040345C /* Build configuration list for PBXNativeTarget "Example" */ = {
			isa = XCConfigurationList;
			buildConfigurations = (
				668F163324877F980040345C /* Debug */,
				668F163424877F980040345C /* Release */,
			);
			defaultConfigurationIsVisible = 0;
			defaultConfigurationName = Release;
		};
/* End XCConfigurationList section */
	};
	rootObject = 668F161624877F950040345C /* Project object */;
}
